
Microsoft Visual Studio Solution File, Format Version 12.00
# Visual Studio Version 17
VisualStudioVersion = 17.2.32505.173
MinimumVisualStudioVersion = 10.0.40219.1
Project("{FAE04EC0-301F-11D3-BF4B-00C04F79EFBC}") = "Summator Project", "Summator Project\Summator Project.csproj", "{DB65DACC-30F8-4EC5-B418-DFC4B0E9DA78}"
EndProject
Project("{FAE04EC0-301F-11D3-BF4B-00C04F79EFBC}") = "Summator.Tests", "Summator.Tests\Summator.Tests.csproj", "{EE2B68CE-3829-446C-8F30-DA920DCB1EBF}"
EndProject
Global
	GlobalSection(SolutionConfigurationPlatforms) = preSolution
		Debug|Any CPU = Debug|Any CPU
		Release|Any CPU = Release|Any CPU
	EndGlobalSection
	GlobalSection(ProjectConfigurationPlatforms) = postSolution
		{DB65DACC-30F8-4EC5-B418-DFC4B0E9DA78}.Debug|Any CPU.ActiveCfg = Debug|Any CPU
		{DB65DACC-30F8-4EC5-B418-DFC4B0E9DA78}.Debug|Any CPU.Build.0 = Debug|Any CPU
		{DB65DACC-30F8-4EC5-B418-DFC4B0E9DA78}.Release|Any CPU.ActiveCfg = Release|Any CPU
		{DB65DACC-30F8-4EC5-B418-DFC4B0E9DA78}.Release|Any CPU.Build.0 = Release|Any CPU
		{EE2B68CE-3829-446C-8F30-DA920DCB1EBF}.Debug|Any CPU.ActiveCfg = Debug|Any CPU
		{EE2B68CE-3829-446C-8F30-DA920DCB1EBF}.Debug|Any CPU.Build.0 = Debug|Any CPU
		{EE2B68CE-3829-446C-8F30-DA920DCB1EBF}.Release|Any CPU.ActiveCfg = Release|Any CPU
		{EE2B68CE-3829-446C-8F30-DA920DCB1EBF}.Release|Any CPU.Build.0 = Release|Any CPU
	EndGlobalSection
	GlobalSection(SolutionProperties) = preSolution
		HideSolutionNode = FALSE
	EndGlobalSection
	GlobalSection(ExtensibilityGlobals) = postSolution
		SolutionGuid = {0E5B85B5-0965-4B65-BC2A-4FD7FDBC2A64}
	EndGlobalSection
EndGlobal
